
Microsoft Visual Studio Solution File, Format Version 12.00
# Visual Studio 15
VisualStudioVersion = 15.0.28307.438
MinimumVisualStudioVersion = 10.0.40219.1
Project("{FAE04EC0-301F-11D3-BF4B-00C04F79EFBC}") = "ISO815_Inventario", "ISO815_Inventario\ISO815_Inventario.csproj", "{CC2BA9C7-1630-4BF0-8A7E-E9F8C8C81E2B}"
EndProject
Global
	GlobalSection(SolutionConfigurationPlatforms) = preSolution
		Debug|Any CPU = Debug|Any CPU
		Release|Any CPU = Release|Any CPU
	EndGlobalSection
	GlobalSection(ProjectConfigurationPlatforms) = postSolution
		{CC2BA9C7-1630-4BF0-8A7E-E9F8C8C81E2B}.Debug|Any CPU.ActiveCfg = Debug|Any CPU
		{CC2BA9C7-1630-4BF0-8A7E-E9F8C8C81E2B}.Debug|Any CPU.Build.0 = Debug|Any CPU
		{CC2BA9C7-1630-4BF0-8A7E-E9F8C8C81E2B}.Release|Any CPU.ActiveCfg = Release|Any CPU
		{CC2BA9C7-1630-4BF0-8A7E-E9F8C8C81E2B}.Release|Any CPU.Build.0 = Release|Any CPU
	EndGlobalSection
	GlobalSection(SolutionProperties) = preSolution
		HideSolutionNode = FALSE
	EndGlobalSection
	GlobalSection(ExtensibilityGlobals) = postSolution
		SolutionGuid = {C5379A99-0F26-4379-A5E6-2FAC68A39982}
	EndGlobalSection
EndGlobal
